
Microsoft Visual Studio Solution File, Format Version 12.00
# Visual Studio 15
VisualStudioVersion = 15.0.28307.1169
MinimumVisualStudioVersion = 10.0.40219.1
Project("{FAE04EC0-301F-11D3-BF4B-00C04F79EFBC}") = "MaterialHelperManagement", "MaterialHelperManagement\MaterialHelperManagement.csproj", "{386BB3C3-72CF-40A2-8F42-7D7B209FECFA}"
EndProject
Global
	GlobalSection(SolutionConfigurationPlatforms) = preSolution
		Debug|Any CPU = Debug|Any CPU
		Release|Any CPU = Release|Any CPU
	EndGlobalSection
	GlobalSection(ProjectConfigurationPlatforms) = postSolution
		{386BB3C3-72CF-40A2-8F42-7D7B209FECFA}.Debug|Any CPU.ActiveCfg = Debug|Any CPU
		{386BB3C3-72CF-40A2-8F42-7D7B209FECFA}.Debug|Any CPU.Build.0 = Debug|Any CPU
		{386BB3C3-72CF-40A2-8F42-7D7B209FECFA}.Release|Any CPU.ActiveCfg = Release|Any CPU
		{386BB3C3-72CF-40A2-8F42-7D7B209FECFA}.Release|Any CPU.Build.0 = Release|Any CPU
	EndGlobalSection
	GlobalSection(SolutionProperties) = preSolution
		HideSolutionNode = FALSE
	EndGlobalSection
	GlobalSection(ExtensibilityGlobals) = postSolution
		SolutionGuid = {C68E5CE2-E65C-46BF-BF2A-46F0B85CC119}
	EndGlobalSection
EndGlobal
