
Microsoft Visual Studio Solution File, Format Version 12.00
# Visual Studio 15
VisualStudioVersion = 15.0.28307.1169
MinimumVisualStudioVersion = 10.0.40219.1
Project("{FAE04EC0-301F-11D3-BF4B-00C04F79EFBC}") = "VolunteersMVC5", "VolunteersMVC5\VolunteersMVC5.csproj", "{4CC4C56D-7BAB-4D83-9E0E-145125819FF8}"
EndProject
Project("{FAE04EC0-301F-11D3-BF4B-00C04F79EFBC}") = "VolunteersMVC5Tests", "VolunteersMVC5Tests\VolunteersMVC5Tests.csproj", "{94CD9D54-7765-4828-A789-0F1A9EA1D892}"
EndProject
Global
	GlobalSection(SolutionConfigurationPlatforms) = preSolution
		Debug|Any CPU = Debug|Any CPU
		Release|Any CPU = Release|Any CPU
	EndGlobalSection
	GlobalSection(ProjectConfigurationPlatforms) = postSolution
		{4CC4C56D-7BAB-4D83-9E0E-145125819FF8}.Debug|Any CPU.ActiveCfg = Debug|Any CPU
		{4CC4C56D-7BAB-4D83-9E0E-145125819FF8}.Debug|Any CPU.Build.0 = Debug|Any CPU
		{4CC4C56D-7BAB-4D83-9E0E-145125819FF8}.Release|Any CPU.ActiveCfg = Release|Any CPU
		{4CC4C56D-7BAB-4D83-9E0E-145125819FF8}.Release|Any CPU.Build.0 = Release|Any CPU
		{94CD9D54-7765-4828-A789-0F1A9EA1D892}.Debug|Any CPU.ActiveCfg = Debug|Any CPU
		{94CD9D54-7765-4828-A789-0F1A9EA1D892}.Debug|Any CPU.Build.0 = Debug|Any CPU
		{94CD9D54-7765-4828-A789-0F1A9EA1D892}.Release|Any CPU.ActiveCfg = Release|Any CPU
		{94CD9D54-7765-4828-A789-0F1A9EA1D892}.Release|Any CPU.Build.0 = Release|Any CPU
	EndGlobalSection
	GlobalSection(SolutionProperties) = preSolution
		HideSolutionNode = FALSE
	EndGlobalSection
	GlobalSection(ExtensibilityGlobals) = postSolution
		SolutionGuid = {9F9F1DEB-9BC5-4F3F-A5E7-090924DD56FB}
	EndGlobalSection
EndGlobal
