
Microsoft Visual Studio Solution File, Format Version 12.00
# Visual Studio Version 16
VisualStudioVersion = 16.0.30717.126
MinimumVisualStudioVersion = 10.0.40219.1
Project("{FAE04EC0-301F-11D3-BF4B-00C04F79EFBC}") = "Login", "Login\Login.csproj", "{19884D28-AF89-4604-9049-C8C3FF9F2BF4}"
EndProject
Global
	GlobalSection(SolutionConfigurationPlatforms) = preSolution
		Debug|Any CPU = Debug|Any CPU
		Release|Any CPU = Release|Any CPU
	EndGlobalSection
	GlobalSection(ProjectConfigurationPlatforms) = postSolution
		{19884D28-AF89-4604-9049-C8C3FF9F2BF4}.Debug|Any CPU.ActiveCfg = Debug|Any CPU
		{19884D28-AF89-4604-9049-C8C3FF9F2BF4}.Debug|Any CPU.Build.0 = Debug|Any CPU
		{19884D28-AF89-4604-9049-C8C3FF9F2BF4}.Release|Any CPU.ActiveCfg = Release|Any CPU
		{19884D28-AF89-4604-9049-C8C3FF9F2BF4}.Release|Any CPU.Build.0 = Release|Any CPU
	EndGlobalSection
	GlobalSection(SolutionProperties) = preSolution
		HideSolutionNode = FALSE
	EndGlobalSection
	GlobalSection(ExtensibilityGlobals) = postSolution
		SolutionGuid = {4DA0F78D-B441-4470-AF8C-0C9E208E137D}
	EndGlobalSection
EndGlobal
